{
  "name": "kalma-player",
  "lockfileVersion": 3,
  "requires": true,
  "packages": {
    "": {
      "dependencies": {
        "js-synthesizer": "^1.13.0"
      }
    },
    "node_modules/js-synthesizer": {
      "version": "1.13.0",
      "resolved": "https://registry.npmjs.org/js-synthesizer/-/js-synthesizer-1.13.0.tgz",
      "integrity": "sha512-KXhyJcY90mUvJwbfF1aBNurodm16w8R/wrZYRRc+SSlm58EtL88bspbs7ixtAmoV9QQvf/2EuPAwxj2ExdZSmQ==",
      "license": "BSD-3-Clause",
      "engines": {
        "node": ">=22",
        "npm": ">=11"
      }
    }
  }
}
